{
  "lockfile_version": "1",
  "packages": {
    "conftest@0.62.0": {
      "last_modified": "2025-07-28T17:09:23Z",
      "resolved": "github:NixOS/nixpkgs/648f70160c03151bc2121d179291337ad6bc564b#conftest",
      "source": "devbox-search",
      "version": "0.62.0",
      "systems": {
        "aarch64-darwin": {
          "outputs": [
            {
              "name": "out",
              "path": "/nix/store/l89hr243qx28z2bqmhh462f7nicsnrbm-conftest-0.62.0",
              "default": true
            }
          ],
          "store_path": "/nix/store/l89hr243qx28z2bqmhh462f7nicsnrbm-conftest-0.62.0"
        },
        "aarch64-linux": {
          "outputs": [
            {
              "name": "out",
              "path": "/nix/store/6s31n98s1v2wr6gp87grmmr3na6r8awp-conftest-0.62.0",
              "default": true
            }
          ],
          "store_path": "/nix/store/6s31n98s1v2wr6gp87grmmr3na6r8awp-conftest-0.62.0"
        },
        "x86_64-darwin": {
          "outputs": [
            {
              "name": "out",
              "path": "/nix/store/28ric8xj1hwgjfhirjqfr5yq9pxn4lxd-conftest-0.62.0",
              "default": true
            }
          ],
          "store_path": "/nix/store/28ric8xj1hwgjfhirjqfr5yq9pxn4lxd-conftest-0.62.0"
        },
        "x86_64-linux": {
          "outputs": [
            {
              "name": "out",
              "path": "/nix/store/j7xi31cps4dl0v51zpdbmviv57jj8nzl-conftest-0.62.0",
              "default": true
            }
          ],
          "store_path": "/nix/store/j7xi31cps4dl0v51zpdbmviv57jj8nzl-conftest-0.62.0"
        }
      }
    },
    "github:NixOS/nixpkgs/nixpkgs-unstable": {
      "last_modified": "2025-08-25T22:07:10Z",
      "resolved": "github:NixOS/nixpkgs/84c256e42600cb0fdf25763b48d28df2f25a0c8b?lastModified=1756159630&narHash=sha256-ohMvsjtSVdT%2FbruXf5ClBh8ZYXRmD4krmjKrXhEvwMg%3D"
    },
    "terraform@1.12.2": {
      "last_modified": "2025-07-28T17:09:23Z",
      "resolved": "github:NixOS/nixpkgs/648f70160c03151bc2121d179291337ad6bc564b#terraform",
      "source": "devbox-search",
      "version": "1.12.2",
      "systems": {
        "aarch64-darwin": {
          "outputs": [
            {
              "name": "out",
              "path": "/nix/store/40gjbhfk5r4njbvkny3jcn8dz9slr138-terraform-1.12.2",
              "default": true
            }
          ],
          "store_path": "/nix/store/40gjbhfk5r4njbvkny3jcn8dz9slr138-terraform-1.12.2"
        },
        "aarch64-linux": {
          "outputs": [
            {
              "name": "out",
              "path": "/nix/store/bvi0sf7qi75lk7aczgwp1bq811py9rj0-terraform-1.12.2",
              "default": true
            }
          ],
          "store_path": "/nix/store/bvi0sf7qi75lk7aczgwp1bq811py9rj0-terraform-1.12.2"
        },
        "x86_64-darwin": {
          "outputs": [
            {
              "name": "out",
              "path": "/nix/store/km3x95bvr81n0lpyfr7nf00vifl3q6hy-terraform-1.12.2",
              "default": true
            }
          ],
          "store_path": "/nix/store/km3x95bvr81n0lpyfr7nf00vifl3q6hy-terraform-1.12.2"
        },
        "x86_64-linux": {
          "outputs": [
            {
              "name": "out",
              "path": "/nix/store/vxazqkmsxlc6fgx3kl53jxiwjszghwrm-terraform-1.12.2",
              "default": true
            }
          ],
          "store_path": "/nix/store/vxazqkmsxlc6fgx3kl53jxiwjszghwrm-terraform-1.12.2"
        }
      }
    },
    "tfsec@1.28.13": {
      "last_modified": "2025-04-17T05:47:26Z",
      "resolved": "github:NixOS/nixpkgs/ebe4301cbd8f81c4f8d3244b3632338bbeb6d49c#tfsec",
      "source": "devbox-search",
      "version": "1.28.13",
      "systems": {
        "aarch64-darwin": {
          "outputs": [
            {
              "name": "out",
              "path": "/nix/store/zi6c60s1i60idqx2bjdy0r38qc78g2qg-tfsec-1.28.13",
              "default": true
            }
          ],
          "store_path": "/nix/store/zi6c60s1i60idqx2bjdy0r38qc78g2qg-tfsec-1.28.13"
        },
        "aarch64-linux": {
          "outputs": [
            {
              "name": "out",
              "path": "/nix/store/1q454v9dls7apskmwa22lfs0627zpvin-tfsec-1.28.13",
              "default": true
            }
          ],
          "store_path": "/nix/store/1q454v9dls7apskmwa22lfs0627zpvin-tfsec-1.28.13"
        },
        "x86_64-darwin": {
          "outputs": [
            {
              "name": "out",
              "path": "/nix/store/rcc4yskwh47xs3lfq2w4ycqxrcfrdwd8-tfsec-1.28.13",
              "default": true
            }
          ],
          "store_path": "/nix/store/rcc4yskwh47xs3lfq2w4ycqxrcfrdwd8-tfsec-1.28.13"
        },
        "x86_64-linux": {
          "outputs": [
            {
              "name": "out",
              "path": "/nix/store/x50ll52jpgk0ih54wpm5k6yq6hqz2s0p-tfsec-1.28.13",
              "default": true
            }
          ],
          "store_path": "/nix/store/x50ll52jpgk0ih54wpm5k6yq6hqz2s0p-tfsec-1.28.13"
        }
      }
    }
  }
}
